
Microsoft Visual Studio Solution File, Format Version 12.00
# Visual Studio Version 17
VisualStudioVersion = 17.3.32825.248
MinimumVisualStudioVersion = 10.0.40219.1
Project("{8BC9CEB8-8B4A-11D0-8D11-00A0C91BC942}") = "Area_Triangle_TeacherAbdul", "Area_Triangle_TeacherAbdul\Area_Triangle_TeacherAbdul.vcxproj", "{5783B40A-5334-48E6-9E3A-C26E74E00FCA}"
EndProject
Global
	GlobalSection(SolutionConfigurationPlatforms) = preSolution
		Debug|x64 = Debug|x64
		Debug|x86 = Debug|x86
		Release|x64 = Release|x64
		Release|x86 = Release|x86
	EndGlobalSection
	GlobalSection(ProjectConfigurationPlatforms) = postSolution
		{5783B40A-5334-48E6-9E3A-C26E74E00FCA}.Debug|x64.ActiveCfg = Debug|x64
		{5783B40A-5334-48E6-9E3A-C26E74E00FCA}.Debug|x64.Build.0 = Debug|x64
		{5783B40A-5334-48E6-9E3A-C26E74E00FCA}.Debug|x86.ActiveCfg = Debug|Win32
		{5783B40A-5334-48E6-9E3A-C26E74E00FCA}.Debug|x86.Build.0 = Debug|Win32
		{5783B40A-5334-48E6-9E3A-C26E74E00FCA}.Release|x64.ActiveCfg = Release|x64
		{5783B40A-5334-48E6-9E3A-C26E74E00FCA}.Release|x64.Build.0 = Release|x64
		{5783B40A-5334-48E6-9E3A-C26E74E00FCA}.Release|x86.ActiveCfg = Release|Win32
		{5783B40A-5334-48E6-9E3A-C26E74E00FCA}.Release|x86.Build.0 = Release|Win32
	EndGlobalSection
	GlobalSection(SolutionProperties) = preSolution
		HideSolutionNode = FALSE
	EndGlobalSection
	GlobalSection(ExtensibilityGlobals) = postSolution
		SolutionGuid = {B04D3054-C79F-47E5-AEF0-F6A9A9477B15}
	EndGlobalSection
EndGlobal
